
Microsoft Visual Studio Solution File, Format Version 12.00
# Visual Studio 14
VisualStudioVersion = 14.0.23107.0
MinimumVisualStudioVersion = 10.0.40219.1
Project("{8BC9CEB8-8B4A-11D0-8D11-00A0C91BC942}") = "Multiplication Table", "Multiplication Table\Multiplication Table.vcxproj", "{A49CDE90-BC3C-4106-BEFD-36FA828471EE}"
EndProject
Global
	GlobalSection(SolutionConfigurationPlatforms) = preSolution
		Debug|x64 = Debug|x64
		Debug|x86 = Debug|x86
		Release|x64 = Release|x64
		Release|x86 = Release|x86
	EndGlobalSection
	GlobalSection(ProjectConfigurationPlatforms) = postSolution
		{A49CDE90-BC3C-4106-BEFD-36FA828471EE}.Debug|x64.ActiveCfg = Debug|x64
		{A49CDE90-BC3C-4106-BEFD-36FA828471EE}.Debug|x64.Build.0 = Debug|x64
		{A49CDE90-BC3C-4106-BEFD-36FA828471EE}.Debug|x86.ActiveCfg = Debug|Win32
		{A49CDE90-BC3C-4106-BEFD-36FA828471EE}.Debug|x86.Build.0 = Debug|Win32
		{A49CDE90-BC3C-4106-BEFD-36FA828471EE}.Release|x64.ActiveCfg = Release|x64
		{A49CDE90-BC3C-4106-BEFD-36FA828471EE}.Release|x64.Build.0 = Release|x64
		{A49CDE90-BC3C-4106-BEFD-36FA828471EE}.Release|x86.ActiveCfg = Release|Win32
		{A49CDE90-BC3C-4106-BEFD-36FA828471EE}.Release|x86.Build.0 = Release|Win32
	EndGlobalSection
	GlobalSection(SolutionProperties) = preSolution
		HideSolutionNode = FALSE
	EndGlobalSection
EndGlobal
